
Microsoft Visual Studio Solution File, Format Version 12.00
# Visual Studio Version 16
VisualStudioVersion = 16.0.30621.155
MinimumVisualStudioVersion = 10.0.40219.1
Project("{FAE04EC0-301F-11D3-BF4B-00C04F79EFBC}") = "PresentationLayer", "PresentationLayer\PresentationLayer.csproj", "{27E796D3-C784-4B3B-AFDB-E6D9C21B9C39}"
EndProject
Project("{FAE04EC0-301F-11D3-BF4B-00C04F79EFBC}") = "DataLayer", "DataLayer\DataLayer.csproj", "{F5A66AB5-23E8-4F9E-9521-DE7E55A14480}"
EndProject
Project("{FAE04EC0-301F-11D3-BF4B-00C04F79EFBC}") = "BuisnessLayer", "BuisnessLayer\BuisnessLayer.csproj", "{3117118D-2DE8-4C9A-9E89-3C5903058CFC}"
EndProject
Global
	GlobalSection(SolutionConfigurationPlatforms) = preSolution
		Debug|Any CPU = Debug|Any CPU
		Release|Any CPU = Release|Any CPU
	EndGlobalSection
	GlobalSection(ProjectConfigurationPlatforms) = postSolution
		{27E796D3-C784-4B3B-AFDB-E6D9C21B9C39}.Debug|Any CPU.ActiveCfg = Debug|Any CPU
		{27E796D3-C784-4B3B-AFDB-E6D9C21B9C39}.Debug|Any CPU.Build.0 = Debug|Any CPU
		{27E796D3-C784-4B3B-AFDB-E6D9C21B9C39}.Release|Any CPU.ActiveCfg = Release|Any CPU
		{27E796D3-C784-4B3B-AFDB-E6D9C21B9C39}.Release|Any CPU.Build.0 = Release|Any CPU
		{F5A66AB5-23E8-4F9E-9521-DE7E55A14480}.Debug|Any CPU.ActiveCfg = Debug|Any CPU
		{F5A66AB5-23E8-4F9E-9521-DE7E55A14480}.Debug|Any CPU.Build.0 = Debug|Any CPU
		{F5A66AB5-23E8-4F9E-9521-DE7E55A14480}.Release|Any CPU.ActiveCfg = Release|Any CPU
		{F5A66AB5-23E8-4F9E-9521-DE7E55A14480}.Release|Any CPU.Build.0 = Release|Any CPU
		{3117118D-2DE8-4C9A-9E89-3C5903058CFC}.Debug|Any CPU.ActiveCfg = Debug|Any CPU
		{3117118D-2DE8-4C9A-9E89-3C5903058CFC}.Debug|Any CPU.Build.0 = Debug|Any CPU
		{3117118D-2DE8-4C9A-9E89-3C5903058CFC}.Release|Any CPU.ActiveCfg = Release|Any CPU
		{3117118D-2DE8-4C9A-9E89-3C5903058CFC}.Release|Any CPU.Build.0 = Release|Any CPU
	EndGlobalSection
	GlobalSection(SolutionProperties) = preSolution
		HideSolutionNode = FALSE
	EndGlobalSection
	GlobalSection(ExtensibilityGlobals) = postSolution
		SolutionGuid = {CB2301E5-8353-4B15-A570-9BB5AD16F615}
	EndGlobalSection
EndGlobal
